// !$*UTF8*$!
{
	archiveVersion = 1;
	classes = {
	};
	objectVersion = 46;
	objects = {

/* Begin PBXBuildFile section */
		D6E6D0571DFB0FE600645C01 /* main.cpp in Sources */ = {isa = PBXBuildFile; fileRef = D6E6D0561DFB0FE600645C01 /* main.cpp */; };
/* End PBXBuildFile section */

/* Begin PBXCopyFilesBuildPhase section */
		D6E6D0511DFB0FE600645C01 /* CopyFiles */ = {
			isa = PBXCopyFilesBuildPhase;
			buildActionMask = 2147483647;
			dstPath = /usr/share/man/man1/;
			dstSubfolderSpec = 0;
			files = (
			);
			runOnlyForDeploymentPostprocessing = 1;
		};
/* End PBXCopyFilesBuildPhase section */

/* Begin PBXFileReference section */
		D682136B1E07709000FC9681 /* BondPositionServiceListener.hpp */ = {isa = PBXFileReference; lastKnownFileType = sourcecode.cpp.h; path = BondPositionServiceListener.hpp; sourceTree = "<group>"; };
		D682136C1E0B3EF500FC9681 /* AlgoExecutionService.hpp */ = {isa = PBXFileReference; lastKnownFileType = sourcecode.cpp.h; path = AlgoExecutionService.hpp; sourceTree = "<group>"; };
		D682136E1E0B722D00FC9681 /* BondMarketDataListener.hpp */ = {isa = PBXFileReference; lastKnownFileType = sourcecode.cpp.h; path = BondMarketDataListener.hpp; sourceTree = "<group>"; };
		D68213701E0B7F2900FC9681 /* BondAlgoStreamingService.hpp */ = {isa = PBXFileReference; lastKnownFileType = sourcecode.cpp.h; path = BondAlgoStreamingService.hpp; sourceTree = "<group>"; };
		D68213711E0B870B00FC9681 /* BondPricingListener.hpp */ = {isa = PBXFileReference; lastKnownFileType = sourcecode.cpp.h; path = BondPricingListener.hpp; sourceTree = "<group>"; };
		D68213721E0BB7E700FC9681 /* ExecutionListener.hpp */ = {isa = PBXFileReference; lastKnownFileType = sourcecode.cpp.h; path = ExecutionListener.hpp; sourceTree = "<group>"; };
		D68213731E0BB92E00FC9681 /* InquiryListener.hpp */ = {isa = PBXFileReference; lastKnownFileType = sourcecode.cpp.h; path = InquiryListener.hpp; sourceTree = "<group>"; };
		D68213751E0BBB1300FC9681 /* PositionDataListener.hpp */ = {isa = PBXFileReference; lastKnownFileType = sourcecode.cpp.h; path = PositionDataListener.hpp; sourceTree = "<group>"; };
		D68213761E0BBCAC00FC9681 /* RiskListener.hpp */ = {isa = PBXFileReference; lastKnownFileType = sourcecode.cpp.h; path = RiskListener.hpp; sourceTree = "<group>"; };
		D68213771E0BBDBD00FC9681 /* StreamingListener.hpp */ = {isa = PBXFileReference; lastKnownFileType = sourcecode.cpp.h; path = StreamingListener.hpp; sourceTree = "<group>"; };
		D6AACB0F1E060E98008B9432 /* BondTradeServiceListener.hpp */ = {isa = PBXFileReference; lastKnownFileType = sourcecode.cpp.h; path = BondTradeServiceListener.hpp; sourceTree = "<group>"; };
		D6E6D0531DFB0FE600645C01 /* Final_Project_Mengqi_Zhang */ = {isa = PBXFileReference; explicitFileType = "compiled.mach-o.executable"; includeInIndex = 0; path = Final_Project_Mengqi_Zhang; sourceTree = BUILT_PRODUCTS_DIR; };
		D6E6D0561DFB0FE600645C01 /* main.cpp */ = {isa = PBXFileReference; lastKnownFileType = sourcecode.cpp.cpp; path = main.cpp; sourceTree = "<group>"; };
		D6E6D06A1DFB148C00645C01 /* executionservice.hpp */ = {isa = PBXFileReference; fileEncoding = 4; lastKnownFileType = sourcecode.cpp.h; path = executionservice.hpp; sourceTree = "<group>"; };
		D6E6D06B1DFB148C00645C01 /* historicaldataservice.hpp */ = {isa = PBXFileReference; fileEncoding = 4; lastKnownFileType = sourcecode.cpp.h; path = historicaldataservice.hpp; sourceTree = "<group>"; };
		D6E6D06C1DFB148C00645C01 /* inquiryservice.hpp */ = {isa = PBXFileReference; fileEncoding = 4; lastKnownFileType = sourcecode.cpp.h; path = inquiryservice.hpp; sourceTree = "<group>"; };
		D6E6D06D1DFB148C00645C01 /* marketdataservice.hpp */ = {isa = PBXFileReference; fileEncoding = 4; lastKnownFileType = sourcecode.cpp.h; path = marketdataservice.hpp; sourceTree = "<group>"; };
		D6E6D06E1DFB148C00645C01 /* positionservice.hpp */ = {isa = PBXFileReference; fileEncoding = 4; lastKnownFileType = sourcecode.cpp.h; path = positionservice.hpp; sourceTree = "<group>"; };
		D6E6D06F1DFB148C00645C01 /* pricingservice.hpp */ = {isa = PBXFileReference; fileEncoding = 4; lastKnownFileType = sourcecode.cpp.h; path = pricingservice.hpp; sourceTree = "<group>"; };
		D6E6D0701DFB148C00645C01 /* products.hpp */ = {isa = PBXFileReference; fileEncoding = 4; lastKnownFileType = sourcecode.cpp.h; path = products.hpp; sourceTree = "<group>"; };
		D6E6D0711DFB148C00645C01 /* riskservice.hpp */ = {isa = PBXFileReference; fileEncoding = 4; lastKnownFileType = sourcecode.cpp.h; path = riskservice.hpp; sourceTree = "<group>"; };
		D6E6D0721DFB148C00645C01 /* soa.hpp */ = {isa = PBXFileReference; fileEncoding = 4; lastKnownFileType = sourcecode.cpp.h; path = soa.hpp; sourceTree = "<group>"; };
		D6E6D0731DFB148C00645C01 /* streamingservice.hpp */ = {isa = PBXFileReference; fileEncoding = 4; lastKnownFileType = sourcecode.cpp.h; path = streamingservice.hpp; sourceTree = "<group>"; };
		D6E6D0741DFB148C00645C01 /* tradebookingservice.hpp */ = {isa = PBXFileReference; fileEncoding = 4; lastKnownFileType = sourcecode.cpp.h; path = tradebookingservice.hpp; sourceTree = "<group>"; };
/* End PBXFileReference section */

/* Begin PBXFrameworksBuildPhase section */
		D6E6D0501DFB0FE600645C01 /* Frameworks */ = {
			isa = PBXFrameworksBuildPhase;
			buildActionMask = 2147483647;
			files = (
			);
			runOnlyForDeploymentPostprocessing = 0;
		};
/* End PBXFrameworksBuildPhase section */

/* Begin PBXGroup section */
		D6E6D04A1DFB0FE600645C01 = {
			isa = PBXGroup;
			children = (
				D6E6D0551DFB0FE600645C01 /* Final_Project_Mengqi_Zhang */,
				D6E6D0541DFB0FE600645C01 /* Products */,
			);
			sourceTree = "<group>";
		};
		D6E6D0541DFB0FE600645C01 /* Products */ = {
			isa = PBXGroup;
			children = (
				D6E6D0531DFB0FE600645C01 /* Final_Project_Mengqi_Zhang */,
			);
			name = Products;
			sourceTree = "<group>";
		};
		D6E6D0551DFB0FE600645C01 /* Final_Project_Mengqi_Zhang */ = {
			isa = PBXGroup;
			children = (
				D6E6D06A1DFB148C00645C01 /* executionservice.hpp */,
				D6E6D06B1DFB148C00645C01 /* historicaldataservice.hpp */,
				D6E6D06C1DFB148C00645C01 /* inquiryservice.hpp */,
				D6E6D06D1DFB148C00645C01 /* marketdataservice.hpp */,
				D6E6D06E1DFB148C00645C01 /* positionservice.hpp */,
				D6E6D06F1DFB148C00645C01 /* pricingservice.hpp */,
				D6E6D0701DFB148C00645C01 /* products.hpp */,
				D6E6D0711DFB148C00645C01 /* riskservice.hpp */,
				D6E6D0721DFB148C00645C01 /* soa.hpp */,
				D6E6D0731DFB148C00645C01 /* streamingservice.hpp */,
				D6E6D0741DFB148C00645C01 /* tradebookingservice.hpp */,
				D6E6D0561DFB0FE600645C01 /* main.cpp */,
				D6AACB0F1E060E98008B9432 /* BondTradeServiceListener.hpp */,
				D682136B1E07709000FC9681 /* BondPositionServiceListener.hpp */,
				D682136C1E0B3EF500FC9681 /* AlgoExecutionService.hpp */,
				D682136E1E0B722D00FC9681 /* BondMarketDataListener.hpp */,
				D68213701E0B7F2900FC9681 /* BondAlgoStreamingService.hpp */,
				D68213711E0B870B00FC9681 /* BondPricingListener.hpp */,
				D68213721E0BB7E700FC9681 /* ExecutionListener.hpp */,
				D68213731E0BB92E00FC9681 /* InquiryListener.hpp */,
				D68213751E0BBB1300FC9681 /* PositionDataListener.hpp */,
				D68213761E0BBCAC00FC9681 /* RiskListener.hpp */,
				D68213771E0BBDBD00FC9681 /* StreamingListener.hpp */,
			);
			path = Final_Project_Mengqi_Zhang;
			sourceTree = "<group>";
		};
/* End PBXGroup section */

/* Begin PBXNativeTarget section */
		D6E6D0521DFB0FE600645C01 /* Final_Project_Mengqi_Zhang */ = {
			isa = PBXNativeTarget;
			buildConfigurationList = D6E6D05A1DFB0FE600645C01 /* Build configuration list for PBXNativeTarget "Final_Project_Mengqi_Zhang" */;
			buildPhases = (
				D6E6D04F1DFB0FE600645C01 /* Sources */,
				D6E6D0501DFB0FE600645C01 /* Frameworks */,
				D6E6D0511DFB0FE600645C01 /* CopyFiles */,
			);
			buildRules = (
			);
			dependencies = (
			);
			name = Final_Project_Mengqi_Zhang;
			productName = Final_Project_Mengqi_Zhang;
			productReference = D6E6D0531DFB0FE600645C01 /* Final_Project_Mengqi_Zhang */;
			productType = "com.apple.product-type.tool";
		};
/* End PBXNativeTarget section */

/* Begin PBXProject section */
		D6E6D04B1DFB0FE600645C01 /* Project object */ = {
			isa = PBXProject;
			attributes = {
				LastUpgradeCheck = 0800;
				ORGANIZATIONNAME = "Mengqi Zhang";
				TargetAttributes = {
					D6E6D0521DFB0FE600645C01 = {
						CreatedOnToolsVersion = 8.0;
						ProvisioningStyle = Automatic;
					};
				};
			};
			buildConfigurationList = D6E6D04E1DFB0FE600645C01 /* Build configuration list for PBXProject "Final_Project_Mengqi_Zhang" */;
			compatibilityVersion = "Xcode 3.2";
			developmentRegion = English;
			hasScannedForEncodings = 0;
			knownRegions = (
				en,
			);
			mainGroup = D6E6D04A1DFB0FE600645C01;
			productRefGroup = D6E6D0541DFB0FE600645C01 /* Products */;
			projectDirPath = "";
			projectRoot = "";
			targets = (
				D6E6D0521DFB0FE600645C01 /* Final_Project_Mengqi_Zhang */,
			);
		};
/* End PBXProject section */

/* Begin PBXSourcesBuildPhase section */
		D6E6D04F1DFB0FE600645C01 /* Sources */ = {
			isa = PBXSourcesBuildPhase;
			buildActionMask = 2147483647;
			files = (
				D6E6D0571DFB0FE600645C01 /* main.cpp in Sources */,
			);
			runOnlyForDeploymentPostprocessing = 0;
		};
/* End PBXSourcesBuildPhase section */

/* Begin XCBuildConfiguration section */
		D6E6D0581DFB0FE600645C01 /* Debug */ = {
			isa = XCBuildConfiguration;
			buildSettings = {
				ALWAYS_SEARCH_USER_PATHS = NO;
				CLANG_ANALYZER_NONNULL = YES;
				CLANG_CXX_LANGUAGE_STANDARD = "gnu++0x";
				CLANG_CXX_LIBRARY = "libc++";
				CLANG_ENABLE_MODULES = YES;
				CLANG_ENABLE_OBJC_ARC = YES;
				CLANG_WARN_BOOL_CONVERSION = YES;
				CLANG_WARN_CONSTANT_CONVERSION = YES;
				CLANG_WARN_DIRECT_OBJC_ISA_USAGE = YES_ERROR;
				CLANG_WARN_DOCUMENTATION_COMMENTS = YES;
				CLANG_WARN_EMPTY_BODY = YES;
				CLANG_WARN_ENUM_CONVERSION = YES;
				CLANG_WARN_INFINITE_RECURSION = YES;
				CLANG_WARN_INT_CONVERSION = YES;
				CLANG_WARN_OBJC_ROOT_CLASS = YES_ERROR;
				CLANG_WARN_SUSPICIOUS_MOVES = YES;
				CLANG_WARN_UNREACHABLE_CODE = YES;
				CLANG_WARN__DUPLICATE_METHOD_MATCH = YES;
				CODE_SIGN_IDENTITY = "-";
				COPY_PHASE_STRIP = NO;
				DEBUG_INFORMATION_FORMAT = dwarf;
				ENABLE_STRICT_OBJC_MSGSEND = YES;
				ENABLE_TESTABILITY = YES;
				GCC_C_LANGUAGE_STANDARD = gnu99;
				GCC_DYNAMIC_NO_PIC = NO;
				GCC_NO_COMMON_BLOCKS = YES;
				GCC_OPTIMIZATION_LEVEL = 0;
				GCC_PREPROCESSOR_DEFINITIONS = (
					"DEBUG=1",
					"$(inherited)",
				);
				GCC_WARN_64_TO_32_BIT_CONVERSION = YES;
				GCC_WARN_ABOUT_RETURN_TYPE = YES_ERROR;
				GCC_WARN_UNDECLARED_SELECTOR = YES;
				GCC_WARN_UNINITIALIZED_AUTOS = YES_AGGRESSIVE;
				GCC_WARN_UNUSED_FUNCTION = YES;
				GCC_WARN_UNUSED_VARIABLE = YES;
				MACOSX_DEPLOYMENT_TARGET = 10.12;
				MTL_ENABLE_DEBUG_INFO = YES;
				ONLY_ACTIVE_ARCH = YES;
				SDKROOT = macosx;
			};
			name = Debug;
		};
		D6E6D0591DFB0FE600645C01 /* Release */ = {
			isa = XCBuildConfiguration;
			buildSettings = {
				ALWAYS_SEARCH_USER_PATHS = NO;
				CLANG_ANALYZER_NONNULL = YES;
				CLANG_CXX_LANGUAGE_STANDARD = "gnu++0x";
				CLANG_CXX_LIBRARY = "libc++";
				CLANG_ENABLE_MODULES = YES;
				CLANG_ENABLE_OBJC_ARC = YES;
				CLANG_WARN_BOOL_CONVERSION = YES;
				CLANG_WARN_CONSTANT_CONVERSION = YES;
				CLANG_WARN_DIRECT_OBJC_ISA_USAGE = YES_ERROR;
				CLANG_WARN_DOCUMENTATION_COMMENTS = YES;
				CLANG_WARN_EMPTY_BODY = YES;
				CLANG_WARN_ENUM_CONVERSION = YES;
				CLANG_WARN_INFINITE_RECURSION = YES;
				CLANG_WARN_INT_CONVERSION = YES;
				CLANG_WARN_OBJC_ROOT_CLASS = YES_ERROR;
				CLANG_WARN_SUSPICIOUS_MOVES = YES;
				CLANG_WARN_UNREACHABLE_CODE = YES;
				CLANG_WARN__DUPLICATE_METHOD_MATCH = YES;
				CODE_SIGN_IDENTITY = "-";
				COPY_PHASE_STRIP = NO;
				DEBUG_INFORMATION_FORMAT = "dwarf-with-dsym";
				ENABLE_NS_ASSERTIONS = NO;
				ENABLE_STRICT_OBJC_MSGSEND = YES;
				GCC_C_LANGUAGE_STANDARD = gnu99;
				GCC_NO_COMMON_BLOCKS = YES;
				GCC_WARN_64_TO_32_BIT_CONVERSION = YES;
				GCC_WARN_ABOUT_RETURN_TYPE = YES_ERROR;
				GCC_WARN_UNDECLARED_SELECTOR = YES;
				GCC_WARN_UNINITIALIZED_AUTOS = YES_AGGRESSIVE;
				GCC_WARN_UNUSED_FUNCTION = YES;
				GCC_WARN_UNUSED_VARIABLE = YES;
				MACOSX_DEPLOYMENT_TARGET = 10.12;
				MTL_ENABLE_DEBUG_INFO = NO;
				SDKROOT = macosx;
			};
			name = Release;
		};
		D6E6D05B1DFB0FE600645C01 /* Debug */ = {
			isa = XCBuildConfiguration;
			buildSettings = {
				HEADER_SEARCH_PATHS = /Users/kikizhang/lib/boost_1_62_0/;
				LIBRARY_SEARCH_PATHS = /Users/kikizhang/lib/boost_1_62_0/libs/;
				PRODUCT_NAME = "$(TARGET_NAME)";
			};
			name = Debug;
		};
		D6E6D05C1DFB0FE600645C01 /* Release */ = {
			isa = XCBuildConfiguration;
			buildSettings = {
				HEADER_SEARCH_PATHS = /Users/kikizhang/lib/boost_1_62_0/;
				LIBRARY_SEARCH_PATHS = /Users/kikizhang/lib/boost_1_62_0/libs/;
				PRODUCT_NAME = "$(TARGET_NAME)";
			};
			name = Release;
		};
/* End XCBuildConfiguration section */

/* Begin XCConfigurationList section */
		D6E6D04E1DFB0FE600645C01 /* Build configuration list for PBXProject "Final_Project_Mengqi_Zhang" */ = {
			isa = XCConfigurationList;
			buildConfigurations = (
				D6E6D0581DFB0FE600645C01 /* Debug */,
				D6E6D0591DFB0FE600645C01 /* Release */,
			);
			defaultConfigurationIsVisible = 0;
			defaultConfigurationName = Release;
		};
		D6E6D05A1DFB0FE600645C01 /* Build configuration list for PBXNativeTarget "Final_Project_Mengqi_Zhang" */ = {
			isa = XCConfigurationList;
			buildConfigurations = (
				D6E6D05B1DFB0FE600645C01 /* Debug */,
				D6E6D05C1DFB0FE600645C01 /* Release */,
			);
			defaultConfigurationIsVisible = 0;
			defaultConfigurationName = Release;
		};
/* End XCConfigurationList section */
	};
	rootObject = D6E6D04B1DFB0FE600645C01 /* Project object */;
}
